// !$*UTF8*$!
{
	archiveVersion = 1;
	classes = {
	};
	objectVersion = 56;
	objects = {

/* Begin PBXBuildFile section */
		99245DFF2C0F0B870023A63E /* AppDelegate.swift in Sources */ = {isa = PBXBuildFile; fileRef = 99245DFE2C0F0B870023A63E /* AppDelegate.swift */; };
		99245E012C0F0B870023A63E /* SceneDelegate.swift in Sources */ = {isa = PBXBuildFile; fileRef = 99245E002C0F0B870023A63E /* SceneDelegate.swift */; };
		99245E032C0F0B870023A63E /* ViewController.swift in Sources */ = {isa = PBXBuildFile; fileRef = 99245E022C0F0B870023A63E /* ViewController.swift */; };
		99245E062C0F0B870023A63E /* Base in Resources */ = {isa = PBXBuildFile; fileRef = 99245E052C0F0B870023A63E /* Base */; };
		99245E082C0F0B8A0023A63E /* Assets.xcassets in Resources */ = {isa = PBXBuildFile; fileRef = 99245E072C0F0B8A0023A63E /* Assets.xcassets */; };
		99245E0B2C0F0B8A0023A63E /* Base in Resources */ = {isa = PBXBuildFile; fileRef = 99245E0A2C0F0B8A0023A63E /* Base */; };
		99245E132C0F0C0C0023A63E /* SignUpViewController.swift in Sources */ = {isa = PBXBuildFile; fileRef = 99245E122C0F0C0C0023A63E /* SignUpViewController.swift */; };
		99245E162C0F0DDE0023A63E /* SnapKit in Frameworks */ = {isa = PBXBuildFile; productRef = 99245E152C0F0DDE0023A63E /* SnapKit */; };
		99245E182C0F15340023A63E /* UITextField+Extension.swift in Sources */ = {isa = PBXBuildFile; fileRef = 99245E172C0F15340023A63E /* UITextField+Extension.swift */; };
		99245E1A2C0F1DAA0023A63E /* UIButton+Extension.swift in Sources */ = {isa = PBXBuildFile; fileRef = 99245E192C0F1DAA0023A63E /* UIButton+Extension.swift */; };
		99245E1C2C0F2D0F0023A63E /* UILabel+Extension.swift in Sources */ = {isa = PBXBuildFile; fileRef = 99245E1B2C0F2D0F0023A63E /* UILabel+Extension.swift */; };
		99245E1E2C0F31A30023A63E /* NetfliexMainViewController.swift in Sources */ = {isa = PBXBuildFile; fileRef = 99245E1D2C0F31A30023A63E /* NetfliexMainViewController.swift */; };
		99245E202C0F361C0023A63E /* UIImageView+Extension.swift in Sources */ = {isa = PBXBuildFile; fileRef = 99245E1F2C0F361C0023A63E /* UIImageView+Extension.swift */; };
		99245E222C0F6C400023A63E /* NewAndHotViewController.swift in Sources */ = {isa = PBXBuildFile; fileRef = 99245E212C0F6C400023A63E /* NewAndHotViewController.swift */; };
		99245E242C0F6C500023A63E /* SavedContentsViewController.swift in Sources */ = {isa = PBXBuildFile; fileRef = 99245E232C0F6C500023A63E /* SavedContentsViewController.swift */; };
/* End PBXBuildFile section */

/* Begin PBXFileReference section */
		99245DFB2C0F0B870023A63E /* NetFilexProject_Codebase.app */ = {isa = PBXFileReference; explicitFileType = wrapper.application; includeInIndex = 0; path = NetFilexProject_Codebase.app; sourceTree = BUILT_PRODUCTS_DIR; };
		99245DFE2C0F0B870023A63E /* AppDelegate.swift */ = {isa = PBXFileReference; lastKnownFileType = sourcecode.swift; path = AppDelegate.swift; sourceTree = "<group>"; };
		99245E002C0F0B870023A63E /* SceneDelegate.swift */ = {isa = PBXFileReference; lastKnownFileType = sourcecode.swift; path = SceneDelegate.swift; sourceTree = "<group>"; };
		99245E022C0F0B870023A63E /* ViewController.swift */ = {isa = PBXFileReference; lastKnownFileType = sourcecode.swift; path = ViewController.swift; sourceTree = "<group>"; };
		99245E052C0F0B870023A63E /* Base */ = {isa = PBXFileReference; lastKnownFileType = file.storyboard; name = Base; path = Base.lproj/Main.storyboard; sourceTree = "<group>"; };
		99245E072C0F0B8A0023A63E /* Assets.xcassets */ = {isa = PBXFileReference; lastKnownFileType = folder.assetcatalog; path = Assets.xcassets; sourceTree = "<group>"; };
		99245E0A2C0F0B8A0023A63E /* Base */ = {isa = PBXFileReference; lastKnownFileType = file.storyboard; name = Base; path = Base.lproj/LaunchScreen.storyboard; sourceTree = "<group>"; };
		99245E0C2C0F0B8A0023A63E /* Info.plist */ = {isa = PBXFileReference; lastKnownFileType = text.plist.xml; path = Info.plist; sourceTree = "<group>"; };
		99245E122C0F0C0C0023A63E /* SignUpViewController.swift */ = {isa = PBXFileReference; lastKnownFileType = sourcecode.swift; path = SignUpViewController.swift; sourceTree = "<group>"; };
		99245E172C0F15340023A63E /* UITextField+Extension.swift */ = {isa = PBXFileReference; lastKnownFileType = sourcecode.swift; path = "UITextField+Extension.swift"; sourceTree = "<group>"; };
		99245E192C0F1DAA0023A63E /* UIButton+Extension.swift */ = {isa = PBXFileReference; lastKnownFileType = sourcecode.swift; path = "UIButton+Extension.swift"; sourceTree = "<group>"; };
		99245E1B2C0F2D0F0023A63E /* UILabel+Extension.swift */ = {isa = PBXFileReference; lastKnownFileType = sourcecode.swift; path = "UILabel+Extension.swift"; sourceTree = "<group>"; };
		99245E1D2C0F31A30023A63E /* NetfliexMainViewController.swift */ = {isa = PBXFileReference; lastKnownFileType = sourcecode.swift; path = NetfliexMainViewController.swift; sourceTree = "<group>"; };
		99245E1F2C0F361C0023A63E /* UIImageView+Extension.swift */ = {isa = PBXFileReference; lastKnownFileType = sourcecode.swift; path = "UIImageView+Extension.swift"; sourceTree = "<group>"; };
		99245E212C0F6C400023A63E /* NewAndHotViewController.swift */ = {isa = PBXFileReference; lastKnownFileType = sourcecode.swift; path = NewAndHotViewController.swift; sourceTree = "<group>"; };
		99245E232C0F6C500023A63E /* SavedContentsViewController.swift */ = {isa = PBXFileReference; lastKnownFileType = sourcecode.swift; path = SavedContentsViewController.swift; sourceTree = "<group>"; };
/* End PBXFileReference section */

/* Begin PBXFrameworksBuildPhase section */
		99245DF82C0F0B870023A63E /* Frameworks */ = {
			isa = PBXFrameworksBuildPhase;
			buildActionMask = 2147483647;
			files = (
				99245E162C0F0DDE0023A63E /* SnapKit in Frameworks */,
			);
			runOnlyForDeploymentPostprocessing = 0;
		};
/* End PBXFrameworksBuildPhase section */

/* Begin PBXGroup section */
		99245DF22C0F0B870023A63E = {
			isa = PBXGroup;
			children = (
				99245DFD2C0F0B870023A63E /* NetFilexProject_Codebase */,
				99245DFC2C0F0B870023A63E /* Products */,
			);
			sourceTree = "<group>";
		};
		99245DFC2C0F0B870023A63E /* Products */ = {
			isa = PBXGroup;
			children = (
				99245DFB2C0F0B870023A63E /* NetFilexProject_Codebase.app */,
			);
			name = Products;
			sourceTree = "<group>";
		};
		99245DFD2C0F0B870023A63E /* NetFilexProject_Codebase */ = {
			isa = PBXGroup;
			children = (
				99245E262C0F6C5E0023A63E /* Extension */,
				99245E252C0F6C580023A63E /* VC */,
				99245E022C0F0B870023A63E /* ViewController.swift */,
				99245E042C0F0B870023A63E /* Main.storyboard */,
				99245E072C0F0B8A0023A63E /* Assets.xcassets */,
				99245E092C0F0B8A0023A63E /* LaunchScreen.storyboard */,
				99245E0C2C0F0B8A0023A63E /* Info.plist */,
			);
			path = NetFilexProject_Codebase;
			sourceTree = "<group>";
		};
		99245E252C0F6C580023A63E /* VC */ = {
			isa = PBXGroup;
			children = (
				99245E122C0F0C0C0023A63E /* SignUpViewController.swift */,
				99245E1D2C0F31A30023A63E /* NetfliexMainViewController.swift */,
				99245E212C0F6C400023A63E /* NewAndHotViewController.swift */,
				99245E232C0F6C500023A63E /* SavedContentsViewController.swift */,
				99245E002C0F0B870023A63E /* SceneDelegate.swift */,
				99245DFE2C0F0B870023A63E /* AppDelegate.swift */,
			);
			path = VC;
			sourceTree = "<group>";
		};
		99245E262C0F6C5E0023A63E /* Extension */ = {
			isa = PBXGroup;
			children = (
				99245E172C0F15340023A63E /* UITextField+Extension.swift */,
				99245E192C0F1DAA0023A63E /* UIButton+Extension.swift */,
				99245E1B2C0F2D0F0023A63E /* UILabel+Extension.swift */,
				99245E1F2C0F361C0023A63E /* UIImageView+Extension.swift */,
			);
			path = Extension;
			sourceTree = "<group>";
		};
/* End PBXGroup section */

/* Begin PBXNativeTarget section */
		99245DFA2C0F0B870023A63E /* NetFilexProject_Codebase */ = {
			isa = PBXNativeTarget;
			buildConfigurationList = 99245E0F2C0F0B8A0023A63E /* Build configuration list for PBXNativeTarget "NetFilexProject_Codebase" */;
			buildPhases = (
				99245DF72C0F0B870023A63E /* Sources */,
				99245DF82C0F0B870023A63E /* Frameworks */,
				99245DF92C0F0B870023A63E /* Resources */,
			);
			buildRules = (
			);
			dependencies = (
			);
			name = NetFilexProject_Codebase;
			packageProductDependencies = (
				99245E152C0F0DDE0023A63E /* SnapKit */,
			);
			productName = NetFilexProject_Codebase;
			productReference = 99245DFB2C0F0B870023A63E /* NetFilexProject_Codebase.app */;
			productType = "com.apple.product-type.application";
		};
/* End PBXNativeTarget section */

/* Begin PBXProject section */
		99245DF32C0F0B870023A63E /* Project object */ = {
			isa = PBXProject;
			attributes = {
				BuildIndependentTargetsInParallel = 1;
				LastSwiftUpdateCheck = 1530;
				LastUpgradeCheck = 1530;
				TargetAttributes = {
					99245DFA2C0F0B870023A63E = {
						CreatedOnToolsVersion = 15.3;
					};
				};
			};
			buildConfigurationList = 99245DF62C0F0B870023A63E /* Build configuration list for PBXProject "NetFilexProject_Codebase" */;
			compatibilityVersion = "Xcode 14.0";
			developmentRegion = en;
			hasScannedForEncodings = 0;
			knownRegions = (
				en,
				Base,
			);
			mainGroup = 99245DF22C0F0B870023A63E;
			packageReferences = (
				99245E142C0F0DDE0023A63E /* XCRemoteSwiftPackageReference "SnapKit" */,
			);
			productRefGroup = 99245DFC2C0F0B870023A63E /* Products */;
			projectDirPath = "";
			projectRoot = "";
			targets = (
				99245DFA2C0F0B870023A63E /* NetFilexProject_Codebase */,
			);
		};
/* End PBXProject section */

/* Begin PBXResourcesBuildPhase section */
		99245DF92C0F0B870023A63E /* Resources */ = {
			isa = PBXResourcesBuildPhase;
			buildActionMask = 2147483647;
			files = (
				99245E082C0F0B8A0023A63E /* Assets.xcassets in Resources */,
				99245E0B2C0F0B8A0023A63E /* Base in Resources */,
				99245E062C0F0B870023A63E /* Base in Resources */,
			);
			runOnlyForDeploymentPostprocessing = 0;
		};
/* End PBXResourcesBuildPhase section */

/* Begin PBXSourcesBuildPhase section */
		99245DF72C0F0B870023A63E /* Sources */ = {
			isa = PBXSourcesBuildPhase;
			buildActionMask = 2147483647;
			files = (
				99245E182C0F15340023A63E /* UITextField+Extension.swift in Sources */,
				99245E242C0F6C500023A63E /* SavedContentsViewController.swift in Sources */,
				99245E032C0F0B870023A63E /* ViewController.swift in Sources */,
				99245DFF2C0F0B870023A63E /* AppDelegate.swift in Sources */,
				99245E202C0F361C0023A63E /* UIImageView+Extension.swift in Sources */,
				99245E1C2C0F2D0F0023A63E /* UILabel+Extension.swift in Sources */,
				99245E1E2C0F31A30023A63E /* NetfliexMainViewController.swift in Sources */,
				99245E222C0F6C400023A63E /* NewAndHotViewController.swift in Sources */,
				99245E132C0F0C0C0023A63E /* SignUpViewController.swift in Sources */,
				99245E012C0F0B870023A63E /* SceneDelegate.swift in Sources */,
				99245E1A2C0F1DAA0023A63E /* UIButton+Extension.swift in Sources */,
			);
			runOnlyForDeploymentPostprocessing = 0;
		};
/* End PBXSourcesBuildPhase section */

/* Begin PBXVariantGroup section */
		99245E042C0F0B870023A63E /* Main.storyboard */ = {
			isa = PBXVariantGroup;
			children = (
				99245E052C0F0B870023A63E /* Base */,
			);
			name = Main.storyboard;
			sourceTree = "<group>";
		};
		99245E092C0F0B8A0023A63E /* LaunchScreen.storyboard */ = {
			isa = PBXVariantGroup;
			children = (
				99245E0A2C0F0B8A0023A63E /* Base */,
			);
			name = LaunchScreen.storyboard;
			sourceTree = "<group>";
		};
/* End PBXVariantGroup section */

/* Begin XCBuildConfiguration section */
		99245E0D2C0F0B8A0023A63E /* Debug */ = {
			isa = XCBuildConfiguration;
			buildSettings = {
				ALWAYS_SEARCH_USER_PATHS = NO;
				ASSETCATALOG_COMPILER_GENERATE_SWIFT_ASSET_SYMBOL_EXTENSIONS = YES;
				CLANG_ANALYZER_NONNULL = YES;
				CLANG_ANALYZER_NUMBER_OBJECT_CONVERSION = YES_AGGRESSIVE;
				CLANG_CXX_LANGUAGE_STANDARD = "gnu++20";
				CLANG_ENABLE_MODULES = YES;
				CLANG_ENABLE_OBJC_ARC = YES;
				CLANG_ENABLE_OBJC_WEAK = YES;
				CLANG_WARN_BLOCK_CAPTURE_AUTORELEASING = YES;
				CLANG_WARN_BOOL_CONVERSION = YES;
				CLANG_WARN_COMMA = YES;
				CLANG_WARN_CONSTANT_CONVERSION = YES;
				CLANG_WARN_DEPRECATED_OBJC_IMPLEMENTATIONS = YES;
				CLANG_WARN_DIRECT_OBJC_ISA_USAGE = YES_ERROR;
				CLANG_WARN_DOCUMENTATION_COMMENTS = YES;
				CLANG_WARN_EMPTY_BODY = YES;
				CLANG_WARN_ENUM_CONVERSION = YES;
				CLANG_WARN_INFINITE_RECURSION = YES;
				CLANG_WARN_INT_CONVERSION = YES;
				CLANG_WARN_NON_LITERAL_NULL_CONVERSION = YES;
				CLANG_WARN_OBJC_IMPLICIT_RETAIN_SELF = YES;
				CLANG_WARN_OBJC_LITERAL_CONVERSION = YES;
				CLANG_WARN_OBJC_ROOT_CLASS = YES_ERROR;
				CLANG_WARN_QUOTED_INCLUDE_IN_FRAMEWORK_HEADER = YES;
				CLANG_WARN_RANGE_LOOP_ANALYSIS = YES;
				CLANG_WARN_STRICT_PROTOTYPES = YES;
				CLANG_WARN_SUSPICIOUS_MOVE = YES;
				CLANG_WARN_UNGUARDED_AVAILABILITY = YES_AGGRESSIVE;
				CLANG_WARN_UNREACHABLE_CODE = YES;
				CLANG_WARN__DUPLICATE_METHOD_MATCH = YES;
				COPY_PHASE_STRIP = NO;
				DEBUG_INFORMATION_FORMAT = dwarf;
				ENABLE_STRICT_OBJC_MSGSEND = YES;
				ENABLE_TESTABILITY = YES;
				ENABLE_USER_SCRIPT_SANDBOXING = YES;
				GCC_C_LANGUAGE_STANDARD = gnu17;
				GCC_DYNAMIC_NO_PIC = NO;
				GCC_NO_COMMON_BLOCKS = YES;
				GCC_OPTIMIZATION_LEVEL = 0;
				GCC_PREPROCESSOR_DEFINITIONS = (
					"DEBUG=1",
					"$(inherited)",
				);
				GCC_WARN_64_TO_32_BIT_CONVERSION = YES;
				GCC_WARN_ABOUT_RETURN_TYPE = YES_ERROR;
				GCC_WARN_UNDECLARED_SELECTOR = YES;
				GCC_WARN_UNINITIALIZED_AUTOS = YES_AGGRESSIVE;
				GCC_WARN_UNUSED_FUNCTION = YES;
				GCC_WARN_UNUSED_VARIABLE = YES;
				IPHONEOS_DEPLOYMENT_TARGET = 17.4;
				LOCALIZATION_PREFERS_STRING_CATALOGS = YES;
				MTL_ENABLE_DEBUG_INFO = INCLUDE_SOURCE;
				MTL_FAST_MATH = YES;
				ONLY_ACTIVE_ARCH = YES;
				SDKROOT = iphoneos;
				SWIFT_ACTIVE_COMPILATION_CONDITIONS = "DEBUG $(inherited)";
				SWIFT_OPTIMIZATION_LEVEL = "-Onone";
			};
			name = Debug;
		};
		99245E0E2C0F0B8A0023A63E /* Release */ = {
			isa = XCBuildConfiguration;
			buildSettings = {
				ALWAYS_SEARCH_USER_PATHS = NO;
				ASSETCATALOG_COMPILER_GENERATE_SWIFT_ASSET_SYMBOL_EXTENSIONS = YES;
				CLANG_ANALYZER_NONNULL = YES;
				CLANG_ANALYZER_NUMBER_OBJECT_CONVERSION = YES_AGGRESSIVE;
				CLANG_CXX_LANGUAGE_STANDARD = "gnu++20";
				CLANG_ENABLE_MODULES = YES;
				CLANG_ENABLE_OBJC_ARC = YES;
				CLANG_ENABLE_OBJC_WEAK = YES;
				CLANG_WARN_BLOCK_CAPTURE_AUTORELEASING = YES;
				CLANG_WARN_BOOL_CONVERSION = YES;
				CLANG_WARN_COMMA = YES;
				CLANG_WARN_CONSTANT_CONVERSION = YES;
				CLANG_WARN_DEPRECATED_OBJC_IMPLEMENTATIONS = YES;
				CLANG_WARN_DIRECT_OBJC_ISA_USAGE = YES_ERROR;
				CLANG_WARN_DOCUMENTATION_COMMENTS = YES;
				CLANG_WARN_EMPTY_BODY = YES;
				CLANG_WARN_ENUM_CONVERSION = YES;
				CLANG_WARN_INFINITE_RECURSION = YES;
				CLANG_WARN_INT_CONVERSION = YES;
				CLANG_WARN_NON_LITERAL_NULL_CONVERSION = YES;
				CLANG_WARN_OBJC_IMPLICIT_RETAIN_SELF = YES;
				CLANG_WARN_OBJC_LITERAL_CONVERSION = YES;
				CLANG_WARN_OBJC_ROOT_CLASS = YES_ERROR;
				CLANG_WARN_QUOTED_INCLUDE_IN_FRAMEWORK_HEADER = YES;
				CLANG_WARN_RANGE_LOOP_ANALYSIS = YES;
				CLANG_WARN_STRICT_PROTOTYPES = YES;
				CLANG_WARN_SUSPICIOUS_MOVE = YES;
				CLANG_WARN_UNGUARDED_AVAILABILITY = YES_AGGRESSIVE;
				CLANG_WARN_UNREACHABLE_CODE = YES;
				CLANG_WARN__DUPLICATE_METHOD_MATCH = YES;
				COPY_PHASE_STRIP = NO;
				DEBUG_INFORMATION_FORMAT = "dwarf-with-dsym";
				ENABLE_NS_ASSERTIONS = NO;
				ENABLE_STRICT_OBJC_MSGSEND = YES;
				ENABLE_USER_SCRIPT_SANDBOXING = YES;
				GCC_C_LANGUAGE_STANDARD = gnu17;
				GCC_NO_COMMON_BLOCKS = YES;
				GCC_WARN_64_TO_32_BIT_CONVERSION = YES;
				GCC_WARN_ABOUT_RETURN_TYPE = YES_ERROR;
				GCC_WARN_UNDECLARED_SELECTOR = YES;
				GCC_WARN_UNINITIALIZED_AUTOS = YES_AGGRESSIVE;
				GCC_WARN_UNUSED_FUNCTION = YES;
				GCC_WARN_UNUSED_VARIABLE = YES;
				IPHONEOS_DEPLOYMENT_TARGET = 17.4;
				LOCALIZATION_PREFERS_STRING_CATALOGS = YES;
				MTL_ENABLE_DEBUG_INFO = NO;
				MTL_FAST_MATH = YES;
				SDKROOT = iphoneos;
				SWIFT_COMPILATION_MODE = wholemodule;
				VALIDATE_PRODUCT = YES;
			};
			name = Release;
		};
		99245E102C0F0B8A0023A63E /* Debug */ = {
			isa = XCBuildConfiguration;
			buildSettings = {
				ASSETCATALOG_COMPILER_APPICON_NAME = AppIcon;
				ASSETCATALOG_COMPILER_GLOBAL_ACCENT_COLOR_NAME = AccentColor;
				CODE_SIGN_STYLE = Automatic;
				CURRENT_PROJECT_VERSION = 1;
				DEVELOPMENT_TEAM = Y2VDXSZQ3M;
				GENERATE_INFOPLIST_FILE = YES;
				INFOPLIST_FILE = NetFilexProject_Codebase/Info.plist;
				INFOPLIST_KEY_UIApplicationSupportsIndirectInputEvents = YES;
				INFOPLIST_KEY_UILaunchStoryboardName = LaunchScreen;
				INFOPLIST_KEY_UIMainStoryboardFile = Main;
				INFOPLIST_KEY_UISupportedInterfaceOrientations = UIInterfaceOrientationPortrait;
				INFOPLIST_KEY_UISupportedInterfaceOrientations_iPad = "UIInterfaceOrientationLandscapeLeft UIInterfaceOrientationLandscapeRight UIInterfaceOrientationPortrait UIInterfaceOrientationPortraitUpsideDown";
				IPHONEOS_DEPLOYMENT_TARGET = 16.0;
				LD_RUNPATH_SEARCH_PATHS = (
					"$(inherited)",
					"@executable_path/Frameworks",
				);
				MARKETING_VERSION = 1.0;
				PRODUCT_BUNDLE_IDENTIFIER = "com.yun.NetFilexProject-Codebase";
				PRODUCT_NAME = "$(TARGET_NAME)";
				SUPPORTED_PLATFORMS = "iphoneos iphonesimulator";
				SUPPORTS_MACCATALYST = NO;
				SUPPORTS_MAC_DESIGNED_FOR_IPHONE_IPAD = NO;
				SUPPORTS_XR_DESIGNED_FOR_IPHONE_IPAD = NO;
				SWIFT_EMIT_LOC_STRINGS = YES;
				SWIFT_VERSION = 5.0;
				TARGETED_DEVICE_FAMILY = 1;
			};
			name = Debug;
		};
		99245E112C0F0B8A0023A63E /* Release */ = {
			isa = XCBuildConfiguration;
			buildSettings = {
				ASSETCATALOG_COMPILER_APPICON_NAME = AppIcon;
				ASSETCATALOG_COMPILER_GLOBAL_ACCENT_COLOR_NAME = AccentColor;
				CODE_SIGN_STYLE = Automatic;
				CURRENT_PROJECT_VERSION = 1;
				DEVELOPMENT_TEAM = Y2VDXSZQ3M;
				GENERATE_INFOPLIST_FILE = YES;
				INFOPLIST_FILE = NetFilexProject_Codebase/Info.plist;
				INFOPLIST_KEY_UIApplicationSupportsIndirectInputEvents = YES;
				INFOPLIST_KEY_UILaunchStoryboardName = LaunchScreen;
				INFOPLIST_KEY_UIMainStoryboardFile = Main;
				INFOPLIST_KEY_UISupportedInterfaceOrientations = UIInterfaceOrientationPortrait;
				INFOPLIST_KEY_UISupportedInterfaceOrientations_iPad = "UIInterfaceOrientationLandscapeLeft UIInterfaceOrientationLandscapeRight UIInterfaceOrientationPortrait UIInterfaceOrientationPortraitUpsideDown";
				IPHONEOS_DEPLOYMENT_TARGET = 16.0;
				LD_RUNPATH_SEARCH_PATHS = (
					"$(inherited)",
					"@executable_path/Frameworks",
				);
				MARKETING_VERSION = 1.0;
				PRODUCT_BUNDLE_IDENTIFIER = "com.yun.NetFilexProject-Codebase";
				PRODUCT_NAME = "$(TARGET_NAME)";
				SUPPORTED_PLATFORMS = "iphoneos iphonesimulator";
				SUPPORTS_MACCATALYST = NO;
				SUPPORTS_MAC_DESIGNED_FOR_IPHONE_IPAD = NO;
				SUPPORTS_XR_DESIGNED_FOR_IPHONE_IPAD = NO;
				SWIFT_EMIT_LOC_STRINGS = YES;
				SWIFT_VERSION = 5.0;
				TARGETED_DEVICE_FAMILY = 1;
			};
			name = Release;
		};
/* End XCBuildConfiguration section */

/* Begin XCConfigurationList section */
		99245DF62C0F0B870023A63E /* Build configuration list for PBXProject "NetFilexProject_Codebase" */ = {
			isa = XCConfigurationList;
			buildConfigurations = (
				99245E0D2C0F0B8A0023A63E /* Debug */,
				99245E0E2C0F0B8A0023A63E /* Release */,
			);
			defaultConfigurationIsVisible = 0;
			defaultConfigurationName = Release;
		};
		99245E0F2C0F0B8A0023A63E /* Build configuration list for PBXNativeTarget "NetFilexProject_Codebase" */ = {
			isa = XCConfigurationList;
			buildConfigurations = (
				99245E102C0F0B8A0023A63E /* Debug */,
				99245E112C0F0B8A0023A63E /* Release */,
			);
			defaultConfigurationIsVisible = 0;
			defaultConfigurationName = Release;
		};
/* End XCConfigurationList section */

/* Begin XCRemoteSwiftPackageReference section */
		99245E142C0F0DDE0023A63E /* XCRemoteSwiftPackageReference "SnapKit" */ = {
			isa = XCRemoteSwiftPackageReference;
			repositoryURL = "https://github.com/SnapKit/SnapKit.git";
			requirement = {
				kind = upToNextMajorVersion;
				minimumVersion = 5.7.1;
			};
		};
/* End XCRemoteSwiftPackageReference section */

/* Begin XCSwiftPackageProductDependency section */
		99245E152C0F0DDE0023A63E /* SnapKit */ = {
			isa = XCSwiftPackageProductDependency;
			package = 99245E142C0F0DDE0023A63E /* XCRemoteSwiftPackageReference "SnapKit" */;
			productName = SnapKit;
		};
/* End XCSwiftPackageProductDependency section */
	};
	rootObject = 99245DF32C0F0B870023A63E /* Project object */;
}
